
Microsoft Visual Studio Solution File, Format Version 12.00
# Visual Studio Version 17
VisualStudioVersion = 17.7.34031.279
MinimumVisualStudioVersion = 10.0.40219.1
Project("{9A19103F-16F7-4668-BE54-9A1E7A4F7556}") = "Lab2 I 2.1", "Lab2 I 2.1\Lab2 I 2.1.csproj", "{ECFD5E26-FC43-4307-9C4D-AE50024AA03E}"
EndProject
Project("{9A19103F-16F7-4668-BE54-9A1E7A4F7556}") = "Lab2 I 2.2", "..\Lab2 I 2.2\Lab2 I 2.2.csproj", "{0EA79DF1-CCE6-4D22-AFD5-4A06324F7D3F}"
EndProject
Project("{9A19103F-16F7-4668-BE54-9A1E7A4F7556}") = "Lab2 I 2.3", "..\Lab2 I 2.3\Lab2 I 2.3.csproj", "{B8CC2AC7-7B9A-4393-8DC7-1C16A67C0843}"
EndProject
Project("{9A19103F-16F7-4668-BE54-9A1E7A4F7556}") = "Lab2 I 2.4", "..\Lab2 I 2.4\Lab2 I 2.4.csproj", "{1AE6D2A9-DB3D-4465-B3E1-1D96F822AF41}"
EndProject
Project("{9A19103F-16F7-4668-BE54-9A1E7A4F7556}") = "Lab2 I 2.5", "..\Lab2 I 2.5\Lab2 I 2.5.csproj", "{CCE6A5F0-A077-4EEF-B0A6-6CABC0A0DA40}"
EndProject
Project("{9A19103F-16F7-4668-BE54-9A1E7A4F7556}") = "Lab2 I 2.6", "..\Lab2 I 2.6\Lab2 I 2.6.csproj", "{7F802ED8-CCD6-422C-A404-ED7F79B18D23}"
EndProject
Project("{9A19103F-16F7-4668-BE54-9A1E7A4F7556}") = "Lab2 II 2.1", "..\Lab2 II 2.1\Lab2 II 2.1.csproj", "{6CD6A31F-0FCF-4DDD-B55B-9B949E9AF50B}"
EndProject
Project("{9A19103F-16F7-4668-BE54-9A1E7A4F7556}") = "Lab2 II 2.2", "..\Lab2 II 2.2\Lab2 II 2.2.csproj", "{B9088DB7-C3F4-4832-B656-1EF3B4F67E8D}"
EndProject
Project("{FAE04EC0-301F-11D3-BF4B-00C04F79EFBC}") = "Lab2 II 2.3", "..\Lab2 II 2.3\Lab2 II 2.3.csproj", "{575B8B79-C38D-4F5B-A449-D5C420655FBF}"
EndProject
Project("{FAE04EC0-301F-11D3-BF4B-00C04F79EFBC}") = "Lab2 II 2.4", "..\Lab2 II 2.4\Lab2 II 2.4.csproj", "{4C30711F-334F-48EC-9A3F-674A68094996}"
EndProject
Project("{FAE04EC0-301F-11D3-BF4B-00C04F79EFBC}") = "Lab2 II 2.5", "..\Lab2 II 2.5\Lab2 II 2.5.csproj", "{22FBF409-17A1-4154-90AB-E5516776C72F}"
EndProject
Project("{FAE04EC0-301F-11D3-BF4B-00C04F79EFBC}") = "Lab2 II 2.6", "..\Lab2 II 2.6\Lab2 II 2.6.csproj", "{F09B84B8-B21C-47DA-B658-BFA483A90390}"
EndProject
Project("{FAE04EC0-301F-11D3-BF4B-00C04F79EFBC}") = "Lab2 II 2.7", "..\Lab2 II 2.7\Lab2 II 2.7.csproj", "{49D76A83-5CB1-44FD-AE4D-FBEB6EAF11B8}"
EndProject
Global
	GlobalSection(SolutionConfigurationPlatforms) = preSolution
		Debug|Any CPU = Debug|Any CPU
		Release|Any CPU = Release|Any CPU
	EndGlobalSection
	GlobalSection(ProjectConfigurationPlatforms) = postSolution
		{ECFD5E26-FC43-4307-9C4D-AE50024AA03E}.Debug|Any CPU.ActiveCfg = Debug|Any CPU
		{ECFD5E26-FC43-4307-9C4D-AE50024AA03E}.Debug|Any CPU.Build.0 = Debug|Any CPU
		{ECFD5E26-FC43-4307-9C4D-AE50024AA03E}.Release|Any CPU.ActiveCfg = Release|Any CPU
		{ECFD5E26-FC43-4307-9C4D-AE50024AA03E}.Release|Any CPU.Build.0 = Release|Any CPU
		{0EA79DF1-CCE6-4D22-AFD5-4A06324F7D3F}.Debug|Any CPU.ActiveCfg = Debug|Any CPU
		{0EA79DF1-CCE6-4D22-AFD5-4A06324F7D3F}.Debug|Any CPU.Build.0 = Debug|Any CPU
		{0EA79DF1-CCE6-4D22-AFD5-4A06324F7D3F}.Release|Any CPU.ActiveCfg = Release|Any CPU
		{0EA79DF1-CCE6-4D22-AFD5-4A06324F7D3F}.Release|Any CPU.Build.0 = Release|Any CPU
		{B8CC2AC7-7B9A-4393-8DC7-1C16A67C0843}.Debug|Any CPU.ActiveCfg = Debug|Any CPU
		{B8CC2AC7-7B9A-4393-8DC7-1C16A67C0843}.Debug|Any CPU.Build.0 = Debug|Any CPU
		{B8CC2AC7-7B9A-4393-8DC7-1C16A67C0843}.Release|Any CPU.ActiveCfg = Release|Any CPU
		{B8CC2AC7-7B9A-4393-8DC7-1C16A67C0843}.Release|Any CPU.Build.0 = Release|Any CPU
		{1AE6D2A9-DB3D-4465-B3E1-1D96F822AF41}.Debug|Any CPU.ActiveCfg = Debug|Any CPU
		{1AE6D2A9-DB3D-4465-B3E1-1D96F822AF41}.Debug|Any CPU.Build.0 = Debug|Any CPU
		{1AE6D2A9-DB3D-4465-B3E1-1D96F822AF41}.Release|Any CPU.ActiveCfg = Release|Any CPU
		{1AE6D2A9-DB3D-4465-B3E1-1D96F822AF41}.Release|Any CPU.Build.0 = Release|Any CPU
		{CCE6A5F0-A077-4EEF-B0A6-6CABC0A0DA40}.Debug|Any CPU.ActiveCfg = Debug|Any CPU
		{CCE6A5F0-A077-4EEF-B0A6-6CABC0A0DA40}.Debug|Any CPU.Build.0 = Debug|Any CPU
		{CCE6A5F0-A077-4EEF-B0A6-6CABC0A0DA40}.Release|Any CPU.ActiveCfg = Release|Any CPU
		{CCE6A5F0-A077-4EEF-B0A6-6CABC0A0DA40}.Release|Any CPU.Build.0 = Release|Any CPU
		{7F802ED8-CCD6-422C-A404-ED7F79B18D23}.Debug|Any CPU.ActiveCfg = Debug|Any CPU
		{7F802ED8-CCD6-422C-A404-ED7F79B18D23}.Debug|Any CPU.Build.0 = Debug|Any CPU
		{7F802ED8-CCD6-422C-A404-ED7F79B18D23}.Release|Any CPU.ActiveCfg = Release|Any CPU
		{7F802ED8-CCD6-422C-A404-ED7F79B18D23}.Release|Any CPU.Build.0 = Release|Any CPU
		{6CD6A31F-0FCF-4DDD-B55B-9B949E9AF50B}.Debug|Any CPU.ActiveCfg = Debug|Any CPU
		{6CD6A31F-0FCF-4DDD-B55B-9B949E9AF50B}.Debug|Any CPU.Build.0 = Debug|Any CPU
		{6CD6A31F-0FCF-4DDD-B55B-9B949E9AF50B}.Release|Any CPU.ActiveCfg = Release|Any CPU
		{6CD6A31F-0FCF-4DDD-B55B-9B949E9AF50B}.Release|Any CPU.Build.0 = Release|Any CPU
		{B9088DB7-C3F4-4832-B656-1EF3B4F67E8D}.Debug|Any CPU.ActiveCfg = Debug|Any CPU
		{B9088DB7-C3F4-4832-B656-1EF3B4F67E8D}.Debug|Any CPU.Build.0 = Debug|Any CPU
		{B9088DB7-C3F4-4832-B656-1EF3B4F67E8D}.Release|Any CPU.ActiveCfg = Release|Any CPU
		{B9088DB7-C3F4-4832-B656-1EF3B4F67E8D}.Release|Any CPU.Build.0 = Release|Any CPU
		{575B8B79-C38D-4F5B-A449-D5C420655FBF}.Debug|Any CPU.ActiveCfg = Debug|Any CPU
		{575B8B79-C38D-4F5B-A449-D5C420655FBF}.Debug|Any CPU.Build.0 = Debug|Any CPU
		{575B8B79-C38D-4F5B-A449-D5C420655FBF}.Release|Any CPU.ActiveCfg = Release|Any CPU
		{575B8B79-C38D-4F5B-A449-D5C420655FBF}.Release|Any CPU.Build.0 = Release|Any CPU
		{4C30711F-334F-48EC-9A3F-674A68094996}.Debug|Any CPU.ActiveCfg = Debug|Any CPU
		{4C30711F-334F-48EC-9A3F-674A68094996}.Debug|Any CPU.Build.0 = Debug|Any CPU
		{4C30711F-334F-48EC-9A3F-674A68094996}.Release|Any CPU.ActiveCfg = Release|Any CPU
		{4C30711F-334F-48EC-9A3F-674A68094996}.Release|Any CPU.Build.0 = Release|Any CPU
		{22FBF409-17A1-4154-90AB-E5516776C72F}.Debug|Any CPU.ActiveCfg = Debug|Any CPU
		{22FBF409-17A1-4154-90AB-E5516776C72F}.Debug|Any CPU.Build.0 = Debug|Any CPU
		{22FBF409-17A1-4154-90AB-E5516776C72F}.Release|Any CPU.ActiveCfg = Release|Any CPU
		{22FBF409-17A1-4154-90AB-E5516776C72F}.Release|Any CPU.Build.0 = Release|Any CPU
		{F09B84B8-B21C-47DA-B658-BFA483A90390}.Debug|Any CPU.ActiveCfg = Debug|Any CPU
		{F09B84B8-B21C-47DA-B658-BFA483A90390}.Debug|Any CPU.Build.0 = Debug|Any CPU
		{F09B84B8-B21C-47DA-B658-BFA483A90390}.Release|Any CPU.ActiveCfg = Release|Any CPU
		{F09B84B8-B21C-47DA-B658-BFA483A90390}.Release|Any CPU.Build.0 = Release|Any CPU
		{49D76A83-5CB1-44FD-AE4D-FBEB6EAF11B8}.Debug|Any CPU.ActiveCfg = Debug|Any CPU
		{49D76A83-5CB1-44FD-AE4D-FBEB6EAF11B8}.Debug|Any CPU.Build.0 = Debug|Any CPU
		{49D76A83-5CB1-44FD-AE4D-FBEB6EAF11B8}.Release|Any CPU.ActiveCfg = Release|Any CPU
		{49D76A83-5CB1-44FD-AE4D-FBEB6EAF11B8}.Release|Any CPU.Build.0 = Release|Any CPU
	EndGlobalSection
	GlobalSection(SolutionProperties) = preSolution
		HideSolutionNode = FALSE
	EndGlobalSection
	GlobalSection(ExtensibilityGlobals) = postSolution
		SolutionGuid = {E0DB5443-DF95-46BD-9CD2-4C5317C37C4D}
	EndGlobalSection
EndGlobal
